<?xml version="1.0" encoding="utf-8"?>
<Project ToolsVersion="4.0" xmlns="http://schemas.microsoft.com/developer/msbuild/2003">
  <ItemGroup>
    <Filter Include="Source Files">
      <UniqueIdentifier>{4FC737F1-C7A5-4376-A066-2A32D752A2FF}</UniqueIdentifier>
      <Extensions>cpp;c;cc;cxx;def;odl;idl;hpj;bat;asm;asmx</Extensions>
    </Filter>
    <Filter Include="Header Files">
      <UniqueIdentifier>{93995380-89BD-4b04-88EB-625FBE52EBFB}</UniqueIdentifier>
      <Extensions>h;hpp;hxx;hm;inl;inc;xsd</Extensions>
    </Filter>
    <Filter Include="Resource Files">
      <UniqueIdentifier>{67DA6AB6-F800-4c08-8B7A-83BB121AAD01}</UniqueIdentifier>
      <Extensions>rc;ico;cur;bmp;dlg;rc2;rct;bin;rgs;gif;jpg;jpeg;jpe;resx;tiff;tif;png;wav;mfcribbon-ms</Extensions>
    </Filter>
    <Filter Include="Header Files\Stages">
      <UniqueIdentifier>{acbfb124-7638-450f-871c-8121815cc0aa}</UniqueIdentifier>
    </Filter>
    <Filter Include="Source Files\Stages">
      <UniqueIdentifier>{7a4083b6-c415-464a-851a-2d30276dfb4f}</UniqueIdentifier>
    </Filter>
    <Filter Include="Source Files\Stages\Parts">
      <UniqueIdentifier>{0b4a653b-835a-4998-9309-9fc2e8293cc3}</UniqueIdentifier>
    </Filter>
    <Filter Include="Header Files\Stages\Parts">
      <UniqueIdentifier>{58c453f4-fceb-4fd4-94cb-56c37b935a7a}</UniqueIdentifier>
    </Filter>
    <Filter Include="Header Files\Fighters">
      <UniqueIdentifier>{2ad5eeff-a633-4343-8545-6ba5a8c3a6f7}</UniqueIdentifier>
    </Filter>
    <Filter Include="Source Files\Fighters">
      <UniqueIdentifier>{a42ea4ab-c4b5-4957-8df9-9e10b2d85564}</UniqueIdentifier>
    </Filter>
    <Filter Include="Header Files\Bases">
      <UniqueIdentifier>{4d479d03-3110-4b98-a05e-a1181ac837af}</UniqueIdentifier>
    </Filter>
    <Filter Include="Source Files\Bases">
      <UniqueIdentifier>{fc2ad0d1-c686-4863-b9cd-b9885b05d821}</UniqueIdentifier>
    </Filter>
  </ItemGroup>
  <ItemGroup>
    <ClCompile Include="main.cpp">
      <Filter>Source Files</Filter>
    </ClCompile>
    <ClCompile Include="Game.cpp">
      <Filter>Source Files</Filter>
    </ClCompile>
    <ClCompile Include="Battle.cpp">
      <Filter>Source Files</Filter>
    </ClCompile>
    <ClCompile Include="Tags.cpp">
      <Filter>Source Files</Filter>
    </ClCompile>
    <ClCompile Include="Train.cpp">
      <Filter>Source Files\Stages</Filter>
    </ClCompile>
    <ClCompile Include="Ground.cpp">
      <Filter>Source Files\Stages\Parts</Filter>
    </ClCompile>
    <ClCompile Include="Platform.cpp">
      <Filter>Source Files\Stages\Parts</Filter>
    </ClCompile>
    <ClCompile Include="Kenshiro.cpp">
      <Filter>Source Files\Fighters</Filter>
    </ClCompile>
    <ClCompile Include="Animation.cpp">
      <Filter>Source Files</Filter>
    </ClCompile>
    <ClCompile Include="AnimationHolder.cpp">
      <Filter>Source Files</Filter>
    </ClCompile>
    <ClCompile Include="Character.cpp">
      <Filter>Source Files\Bases</Filter>
    </ClCompile>
    <ClCompile Include="AnimFrame.cpp">
      <Filter>Source Files</Filter>
    </ClCompile>
    <ClCompile Include="Terrain.cpp">
      <Filter>Source Files\Bases</Filter>
    </ClCompile>
    <ClCompile Include="Arena.cpp">
      <Filter>Source Files\Bases</Filter>
    </ClCompile>
  </ItemGroup>
  <ItemGroup>
    <ClInclude Include="Game.hpp">
      <Filter>Header Files</Filter>
    </ClInclude>
    <ClInclude Include="Battle.hpp">
      <Filter>Header Files</Filter>
    </ClInclude>
    <ClInclude Include="Tags.hpp">
      <Filter>Header Files</Filter>
    </ClInclude>
    <ClInclude Include="Train.hpp">
      <Filter>Header Files\Stages</Filter>
    </ClInclude>
    <ClInclude Include="StageList.hpp">
      <Filter>Header Files\Stages</Filter>
    </ClInclude>
    <ClInclude Include="Ground.hpp">
      <Filter>Header Files\Stages\Parts</Filter>
    </ClInclude>
    <ClInclude Include="Platform.hpp">
      <Filter>Header Files\Stages\Parts</Filter>
    </ClInclude>
    <ClInclude Include="Kenshiro.hpp">
      <Filter>Header Files\Fighters</Filter>
    </ClInclude>
    <ClInclude Include="Animation.hpp">
      <Filter>Header Files</Filter>
    </ClInclude>
    <ClInclude Include="AnimationHolder.hpp">
      <Filter>Header Files</Filter>
    </ClInclude>
    <ClInclude Include="Terrain.hpp">
      <Filter>Header Files\Bases</Filter>
    </ClInclude>
    <ClInclude Include="Character.hpp">
      <Filter>Header Files\Bases</Filter>
    </ClInclude>
    <ClInclude Include="AnimFrame.hpp">
      <Filter>Header Files</Filter>
    </ClInclude>
    <ClInclude Include="Arena.hpp">
      <Filter>Header Files\Bases</Filter>
    </ClInclude>
  </ItemGroup>
</Project>